{
    "_readme": [
        "This file locks the dependencies of your project to a known state",
        "Read more about it at https://getcomposer.org/doc/01-basic-usage.md#installing-dependencies",
        "This file is @generated automatically"
    ],
    "content-hash": "18180044723f33c20fe3fd799077ad2b",
    "packages": [
        {
            "name": "plibv4/assert",
            "version": "dev-main",
            "source": {
                "type": "git",
                "url": "https://github.com/DarthCorvidus/plibv4-assert",
                "reference": "e693903a245aa3a51c49b1695a7e326fe83a9467"
            },
            "dist": {
                "type": "zip",
                "url": "https://api.github.com/repos/DarthCorvidus/plibv4-assert/zipball/e693903a245aa3a51c49b1695a7e326fe83a9467",
                "reference": "e693903a245aa3a51c49b1695a7e326fe83a9467",
                "shasum": ""
            },
            "default-branch": true,
            "type": "library",
            "autoload": {
                "classmap": [
                    "src/"
                ]
            },
            "time": "2021-12-21T20:28:33+00:00"
        },
        {
            "name": "plibv4/convert",
            "version": "dev-main",
            "source": {
                "type": "git",
                "url": "https://github.com/DarthCorvidus/plibv4-convert",
                "reference": "1cac86a104f82f5b8f4f4af64750c73a94432d99"
            },
            "dist": {
                "type": "zip",
                "url": "https://api.github.com/repos/DarthCorvidus/plibv4-convert/zipball/1cac86a104f82f5b8f4f4af64750c73a94432d99",
                "reference": "1cac86a104f82f5b8f4f4af64750c73a94432d99",
                "shasum": ""
            },
            "require": {
                "plibv4/assert": "dev-main"
            },
            "default-branch": true,
            "type": "library",
            "autoload": {
                "classmap": [
                    "src/"
                ]
            },
            "time": "2021-12-21T20:34:15+00:00"
        },
        {
            "name": "plibv4/longeststring",
            "version": "dev-main",
            "source": {
                "type": "git",
                "url": "https://github.com/DarthCorvidus/plibv4-longeststring",
                "reference": "047ff7ba5e9698d5a06f45e8c11d70251d9cfe25"
            },
            "dist": {
                "type": "zip",
                "url": "https://api.github.com/repos/DarthCorvidus/plibv4-longeststring/zipball/047ff7ba5e9698d5a06f45e8c11d70251d9cfe25",
                "reference": "047ff7ba5e9698d5a06f45e8c11d70251d9cfe25",
                "shasum": ""
            },
            "default-branch": true,
            "type": "library",
            "autoload": {
                "classmap": [
                    "src/"
                ]
            },
            "time": "2021-12-21T20:47:40+00:00"
        },
        {
            "name": "plibv4/uservalue",
            "version": "dev-main",
            "source": {
                "type": "git",
                "url": "https://github.com/DarthCorvidus/plibv4-uservalue",
                "reference": "65e286d71432bb625c9f006acd9643879c9fd172"
            },
            "dist": {
                "type": "zip",
                "url": "https://api.github.com/repos/DarthCorvidus/plibv4-uservalue/zipball/65e286d71432bb625c9f006acd9643879c9fd172",
                "reference": "65e286d71432bb625c9f006acd9643879c9fd172",
                "shasum": ""
            },
            "require": {
                "plibv4/convert": "dev-main",
                "plibv4/validate": "dev-main"
            },
            "default-branch": true,
            "type": "library",
            "autoload": {
                "classmap": [
                    "src/"
                ]
            },
            "time": "2021-05-18T18:45:33+00:00"
        },
        {
            "name": "plibv4/validate",
            "version": "dev-main",
            "source": {
                "type": "git",
                "url": "https://github.com/DarthCorvidus/plibv4-validate",
                "reference": "aa41d730a4a63c8fd7e44d67ff4cf99672e2ab3f"
            },
            "dist": {
                "type": "zip",
                "url": "https://api.github.com/repos/DarthCorvidus/plibv4-validate/zipball/aa41d730a4a63c8fd7e44d67ff4cf99672e2ab3f",
                "reference": "aa41d730a4a63c8fd7e44d67ff4cf99672e2ab3f",
                "shasum": ""
            },
            "require": {
                "plibv4/assert": "dev-main"
            },
            "default-branch": true,
            "type": "library",
            "autoload": {
                "classmap": [
                    "src/"
                ]
            },
            "time": "2021-12-19T16:26:39+00:00"
        }
    ],
    "packages-dev": [],
    "aliases": [],
    "minimum-stability": "dev",
    "stability-flags": {
        "plibv4/convert": 20,
        "plibv4/validate": 20,
        "plibv4/longeststring": 20,
        "plibv4/uservalue": 20
    },
    "prefer-stable": false,
    "prefer-lowest": false,
    "platform": [],
    "platform-dev": [],
    "plugin-api-version": "2.1.0"
}
